
Microsoft Visual Studio Solution File, Format Version 12.00
# Visual Studio 15
VisualStudioVersion = 15.0.28307.902
MinimumVisualStudioVersion = 10.0.40219.1
Project("{FAE04EC0-301F-11D3-BF4B-00C04F79EFBC}") = "weather", "weather\weather.csproj", "{69AD4888-8FA0-4382-A6EC-23BEFF0E2E7B}"
EndProject
Project("{FAE04EC0-301F-11D3-BF4B-00C04F79EFBC}") = "weather.Tests", "weather.Tests\weather.Tests.csproj", "{8D68CC00-DA4A-493D-BDEE-6F30788A9DD2}"
EndProject
Project("{FAE04EC0-301F-11D3-BF4B-00C04F79EFBC}") = "Dal", "Dal\Dal.csproj", "{AC411A62-2AE0-4016-981B-1D4BB63E8936}"
EndProject
Global
	GlobalSection(SolutionConfigurationPlatforms) = preSolution
		Debug|Any CPU = Debug|Any CPU
		Release|Any CPU = Release|Any CPU
	EndGlobalSection
	GlobalSection(ProjectConfigurationPlatforms) = postSolution
		{69AD4888-8FA0-4382-A6EC-23BEFF0E2E7B}.Debug|Any CPU.ActiveCfg = Debug|Any CPU
		{69AD4888-8FA0-4382-A6EC-23BEFF0E2E7B}.Debug|Any CPU.Build.0 = Debug|Any CPU
		{69AD4888-8FA0-4382-A6EC-23BEFF0E2E7B}.Release|Any CPU.ActiveCfg = Release|Any CPU
		{69AD4888-8FA0-4382-A6EC-23BEFF0E2E7B}.Release|Any CPU.Build.0 = Release|Any CPU
		{8D68CC00-DA4A-493D-BDEE-6F30788A9DD2}.Debug|Any CPU.ActiveCfg = Debug|Any CPU
		{8D68CC00-DA4A-493D-BDEE-6F30788A9DD2}.Debug|Any CPU.Build.0 = Debug|Any CPU
		{8D68CC00-DA4A-493D-BDEE-6F30788A9DD2}.Release|Any CPU.ActiveCfg = Release|Any CPU
		{8D68CC00-DA4A-493D-BDEE-6F30788A9DD2}.Release|Any CPU.Build.0 = Release|Any CPU
		{AC411A62-2AE0-4016-981B-1D4BB63E8936}.Debug|Any CPU.ActiveCfg = Debug|Any CPU
		{AC411A62-2AE0-4016-981B-1D4BB63E8936}.Debug|Any CPU.Build.0 = Debug|Any CPU
		{AC411A62-2AE0-4016-981B-1D4BB63E8936}.Release|Any CPU.ActiveCfg = Release|Any CPU
		{AC411A62-2AE0-4016-981B-1D4BB63E8936}.Release|Any CPU.Build.0 = Release|Any CPU
	EndGlobalSection
	GlobalSection(SolutionProperties) = preSolution
		HideSolutionNode = FALSE
	EndGlobalSection
	GlobalSection(ExtensibilityGlobals) = postSolution
		SolutionGuid = {EDA1F943-0134-44D5-9495-21F228BB0607}
	EndGlobalSection
EndGlobal
